
Microsoft Visual Studio Solution File, Format Version 12.00
# Visual Studio Version 17
VisualStudioVersion = 17.4.33213.308
MinimumVisualStudioVersion = 10.0.40219.1
Project("{FAE04EC0-301F-11D3-BF4B-00C04F79EFBC}") = "API_CORE", "API_CORE\API_CORE.csproj", "{44D95BF6-BDB1-4C3F-B2A0-4CDB3C189302}"
EndProject
Global
	GlobalSection(SolutionConfigurationPlatforms) = preSolution
		Debug|Any CPU = Debug|Any CPU
		Release|Any CPU = Release|Any CPU
	EndGlobalSection
	GlobalSection(ProjectConfigurationPlatforms) = postSolution
		{44D95BF6-BDB1-4C3F-B2A0-4CDB3C189302}.Debug|Any CPU.ActiveCfg = Debug|Any CPU
		{44D95BF6-BDB1-4C3F-B2A0-4CDB3C189302}.Debug|Any CPU.Build.0 = Debug|Any CPU
		{44D95BF6-BDB1-4C3F-B2A0-4CDB3C189302}.Release|Any CPU.ActiveCfg = Release|Any CPU
		{44D95BF6-BDB1-4C3F-B2A0-4CDB3C189302}.Release|Any CPU.Build.0 = Release|Any CPU
	EndGlobalSection
	GlobalSection(SolutionProperties) = preSolution
		HideSolutionNode = FALSE
	EndGlobalSection
	GlobalSection(ExtensibilityGlobals) = postSolution
		SolutionGuid = {93F61B0F-631C-43FC-9826-85F1B538A9FA}
	EndGlobalSection
EndGlobal
